{
    "_readme": [
        "This file locks the dependencies of your project to a known state",
        "Read more about it at https://getcomposer.org/doc/01-basic-usage.md#composer-lock-the-lock-file",
        "This file is @generated automatically"
    ],
    "content-hash": "c40e7e8967d3d6874ef3a23668a9d207",
    "packages": [
        {
            "name": "chriskonnertz/deeply",
            "version": "v1.5.2",
            "source": {
                "type": "git",
                "url": "https://github.com/chriskonnertz/DeepLy.git",
                "reference": "ed1f5caa443c5ddf97f9e8f95c6c7ffad3997f9d"
            },
            "dist": {
                "type": "zip",
                "url": "https://api.github.com/repos/chriskonnertz/DeepLy/zipball/ed1f5caa443c5ddf97f9e8f95c6c7ffad3997f9d",
                "reference": "ed1f5caa443c5ddf97f9e8f95c6c7ffad3997f9d",
                "shasum": ""
            },
            "require": {
                "php": ">=5.6.0"
            },
            "require-dev": {
                "guzzlehttp/guzzle": "^6.2@dev",
                "phpunit/phpunit": "5.7"
            },
            "suggest": {
                "guzzlehttp/guzzle": "You might want to install Guzzle if you want to use it as the HTTP client for DeepLy"
            },
            "type": "library",
            "extra": {
                "laravel": {
                    "providers": [
                        "ChrisKonnertz\\DeepLy\\Integrations\\Laravel\\DeepLyServiceProvider"
                    ],
                    "aliases": {
                        "DeepLy": "ChrisKonnertz\\DeepLy\\Integrations\\Laravel\\DeepLyFacade"
                    }
                }
            },
            "autoload": {
                "psr-0": {
                    "ChrisKonnertz\\DeepLy": "src/"
                }
            },
            "notification-url": "https://packagist.org/downloads/",
            "license": [
                "MIT"
            ],
            "authors": [
                {
                    "name": "Chris Konnertz"
                }
            ],
            "description": "DeepLy is a PHP client for the DeepL.com translation API",
            "keywords": [
                "api",
                "client",
                "deepl",
                "deeply",
                "english",
                "french",
                "german",
                "language",
                "translate",
                "translation"
            ],
            "time": "2018-03-30T11:45:46+00:00"
        },
        {
            "name": "stevejobzniak/alfred-workflows",
            "version": "dev-master",
            "source": {
                "type": "git",
                "url": "https://github.com/m9dfukc/alfred-workflows.git",
                "reference": "359e1fdf6fe62e7e868c757925da7f120b4623b9"
            },
            "dist": {
                "type": "zip",
                "url": "https://api.github.com/repos/m9dfukc/alfred-workflows/zipball/359e1fdf6fe62e7e868c757925da7f120b4623b9",
                "reference": "359e1fdf6fe62e7e868c757925da7f120b4623b9",
                "shasum": ""
            },
            "require-dev": {
                "phpunit/phpunit": "^5.2"
            },
            "type": "library",
            "autoload": {
                "psr-4": {
                    "AlfredApp\\": "./src",
                    "AlfredAppTest\\": "./tests"
                }
            },
            "authors": [
                {
                    "name": "David Ferguson",
                    "email": "jdfwarrior@gmail.com"
                },
                {
                    "name": "Chris Lock",
                    "email": "code@catharsis.co.uk"
                },
                {
                    "name": "SteveJobzniak"
                }
            ],
            "description": "Workflow class for AlfredApp",
            "support": {
                "source": "https://github.com/m9dfukc/alfred-workflows/tree/master",
                "issues": "https://github.com/m9dfukc/alfred-workflows/issues"
            },
            "time": "2018-05-08T15:29:13+00:00"
        }
    ],
    "packages-dev": [],
    "aliases": [],
    "minimum-stability": "stable",
    "stability-flags": {
        "stevejobzniak/alfred-workflows": 20
    },
    "prefer-stable": false,
    "prefer-lowest": false,
    "platform": [],
    "platform-dev": []
}
